{
  "name": "vrchat-openapi-test",
  "version": "1.0.0",
  "lockfileVersion": 1,
  "requires": true,
  "dependencies": {
    "@nodelib/fs.scandir": {
      "version": "2.1.5",
      "resolved": "https://registry.npmjs.org/@nodelib/fs.scandir/-/fs.scandir-2.1.5.tgz",
      "integrity": "sha512-vq24Bq3ym5HEQm2NKCr3yXDwjc7vTsEThRDnkp2DK9p1uqLR+DHurm/NOTo0KG7HYHU7eppKZj3MyqYuMBf62g==",
      "requires": {
        "@nodelib/fs.stat": "2.0.5",
        "run-parallel": "^1.1.9"
      }
    },
    "@nodelib/fs.stat": {
      "version": "2.0.5",
      "resolved": "https://registry.npmjs.org/@nodelib/fs.stat/-/fs.stat-2.0.5.tgz",
      "integrity": "sha512-RkhPPp2zrqDAQA/2jNhnztcPAlv64XdhIp7a7454A5ovI7Bukxgt7MX7udwAu3zg1DcpPU0rz3VV1SeaqvY4+A=="
    },
    "@nodelib/fs.walk": {
      "version": "1.2.8",
      "resolved": "https://registry.npmjs.org/@nodelib/fs.walk/-/fs.walk-1.2.8.tgz",
      "integrity": "sha512-oGB+UxlgWcgQkgwo8GcEGwemoTFt3FIO9ababBmaGwXIoBKZ+GTy0pP185beGg7Llih/NSHSV2XAs1lnznocSg==",
      "requires": {
        "@nodelib/fs.scandir": "2.1.5",
        "fastq": "^1.6.0"
      }
    },
    "@stoplight/better-ajv-errors": {
      "version": "0.0.4",
      "resolved": "https://registry.npmjs.org/@stoplight/better-ajv-errors/-/better-ajv-errors-0.0.4.tgz",
      "integrity": "sha512-HFXOerq/6/6YisiTJwCOScwfNaXyGmX7ROAEUoKOrckK9+hJ/QLFm5EofQYEgX4aXkvHokLEbWBs4NMwZ6hQUw==",
      "requires": {
        "jsonpointer": "^4.0.1",
        "leven": "^3.1.0"
      }
    },
    "@stoplight/json": {
      "version": "3.15.0",
      "resolved": "https://registry.npmjs.org/@stoplight/json/-/json-3.15.0.tgz",
      "integrity": "sha512-FxdmBaZyt6FZVN8F/GaGzevLxjkW1gLHC5cPeb4slMM8BIXCxKluIkGLzmb4bnkk2+4gPaYj75V28U6s0WNrbQ==",
      "requires": {
        "@stoplight/ordered-object-literal": "^1.0.1",
        "@stoplight/types": "^12.2.0",
        "jsonc-parser": "~2.2.1",
        "lodash": "^4.17.15",
        "safe-stable-stringify": "^1.1"
      },
      "dependencies": {
        "@stoplight/types": {
          "version": "12.3.0",
          "resolved": "https://registry.npmjs.org/@stoplight/types/-/types-12.3.0.tgz",
          "integrity": "sha512-hgzUR1z5BlYvIzUeFK5pjs5JXSvEutA9Pww31+dVicBlunsG1iXopDx/cvfBY7rHOrgtZDuvyeK4seqkwAZ6Cg==",
          "requires": {
            "@types/json-schema": "^7.0.4",
            "utility-types": "^3.10.0"
          }
        }
      }
    },
    "@stoplight/json-ref-readers": {
      "version": "1.2.2",
      "resolved": "https://registry.npmjs.org/@stoplight/json-ref-readers/-/json-ref-readers-1.2.2.tgz",
      "integrity": "sha512-nty0tHUq2f1IKuFYsLM4CXLZGHdMn+X/IwEUIpeSOXt0QjMUbL0Em57iJUDzz+2MkWG83smIigNZ3fauGjqgdQ==",
      "requires": {
        "node-fetch": "^2.6.0",
        "tslib": "^1.14.1"
      },
      "dependencies": {
        "tslib": {
          "version": "1.14.1",
          "resolved": "https://registry.npmjs.org/tslib/-/tslib-1.14.1.tgz",
          "integrity": "sha512-Xni35NKzjgMrwevysHTCArtLDpPvye8zV/0E4EyYn43P7/7qvQwPh9BGkHewbMulVntbigmcT7rdX3BNo9wRJg=="
        }
      }
    },
    "@stoplight/json-ref-resolver": {
      "version": "3.1.1",
      "resolved": "https://registry.npmjs.org/@stoplight/json-ref-resolver/-/json-ref-resolver-3.1.1.tgz",
      "integrity": "sha512-FUOu3nPwbX2COczcCwvUz1EpqRNYlw7Ng8keOWGiwKmlXVz4OKdRw4hi2HUg9QNSX1CyFVJ3A3pPtpkizfKqlg==",
      "requires": {
        "@stoplight/json": "^3.10.2",
        "@stoplight/path": "^1.3.2",
        "@stoplight/types": "^11.9.0",
        "@types/urijs": "^1.19.14",
        "dependency-graph": "~0.10.0",
        "fast-memoize": "^2.5.2",
        "immer": "^8.0.1",
        "lodash.get": "^4.4.2",
        "lodash.set": "^4.3.2",
        "tslib": "^2.1.0",
        "urijs": "^1.19.5"
      }
    },
    "@stoplight/lifecycle": {
      "version": "2.3.2",
      "resolved": "https://registry.npmjs.org/@stoplight/lifecycle/-/lifecycle-2.3.2.tgz",
      "integrity": "sha512-v0u8p27FA/eg04b4z6QXw4s0NeeFcRzyvseBW0+k/q4jtpg7EhVCqy42EbbbU43NTNDpIeQ81OcvkFz+6CYshw==",
      "requires": {
        "wolfy87-eventemitter": "~5.2.8"
      }
    },
    "@stoplight/ordered-object-literal": {
      "version": "1.0.2",
      "resolved": "https://registry.npmjs.org/@stoplight/ordered-object-literal/-/ordered-object-literal-1.0.2.tgz",
      "integrity": "sha512-0ZMS/9sNU3kVo/6RF3eAv7MK9DY8WLjiVJB/tVyfF2lhr2R4kqh534jZ0PlrFB9CRXrdndzn1DbX6ihKZXft2w=="
    },
    "@stoplight/path": {
      "version": "1.3.2",
      "resolved": "https://registry.npmjs.org/@stoplight/path/-/path-1.3.2.tgz",
      "integrity": "sha512-lyIc6JUlUA8Ve5ELywPC8I2Sdnh1zc1zmbYgVarhXIp9YeAB0ReeqmGEOWNtlHkbP2DAA1AL65Wfn2ncjK/jtQ=="
    },
    "@stoplight/spectral": {
      "version": "5.9.2",
      "resolved": "https://registry.npmjs.org/@stoplight/spectral/-/spectral-5.9.2.tgz",
      "integrity": "sha512-2K8QCV3/sKZF+kvUIBwcZYTEkXvAMn9Rnvl596y+diQTVvUviMMyt6z8fizp+mAaXMR3EXSAK8uQkz1zdj/eJw==",
      "requires": {
        "@stoplight/better-ajv-errors": "0.0.4",
        "@stoplight/json": "3.15.0",
        "@stoplight/json-ref-readers": "1.2.2",
        "@stoplight/json-ref-resolver": "3.1.1",
        "@stoplight/lifecycle": "2.3.2",
        "@stoplight/path": "1.3.2",
        "@stoplight/types": "11.10.0",
        "@stoplight/yaml": "4.2.2",
        "abort-controller": "3.0.0",
        "ajv": "6.12.6",
        "ajv-oai": "1.2.0",
        "blueimp-md5": "2.18.0",
        "chalk": "4.1.0",
        "eol": "0.9.1",
        "expression-eval": "3.1.2",
        "fast-glob": "3.2.5",
        "jsonpath-plus": "4.0.0",
        "lodash": "~4.17.21",
        "nanoid": "2.1.11",
        "nimma": "0.0.0",
        "node-fetch": "2.6.1",
        "proxy-agent": "4.0.1",
        "strip-ansi": "6.0",
        "text-table": "0.2",
        "tslib": "~2.3.0",
        "yargs": "15.4.1"
      }
    },
    "@stoplight/types": {
      "version": "11.10.0",
      "resolved": "https://registry.npmjs.org/@stoplight/types/-/types-11.10.0.tgz",
      "integrity": "sha512-ffHD9i4UHS8Gsg7Ar8pKjI9B4kq7MRekE7tCROFGcFDzQhfRx9T92AduoLAtP/010XNYq23yDKpLBRPIEk8+xg==",
      "requires": {
        "@types/json-schema": "^7.0.4",
        "utility-types": "^3.10.0"
      }
    },
    "@stoplight/yaml": {
      "version": "4.2.2",
      "resolved": "https://registry.npmjs.org/@stoplight/yaml/-/yaml-4.2.2.tgz",
      "integrity": "sha512-N086FU8pmSpjc5TvMBjmlTniZVh3OXzmEh6SYljSLiuv6aMxgjyjf13YrAlUqgu0b4b6pQ5zmkjrfo9i0SiLsw==",
      "requires": {
        "@stoplight/ordered-object-literal": "^1.0.1",
        "@stoplight/types": "^12.0.0",
        "@stoplight/yaml-ast-parser": "0.0.48",
        "tslib": "^2.2.0"
      },
      "dependencies": {
        "@stoplight/types": {
          "version": "12.3.0",
          "resolved": "https://registry.npmjs.org/@stoplight/types/-/types-12.3.0.tgz",
          "integrity": "sha512-hgzUR1z5BlYvIzUeFK5pjs5JXSvEutA9Pww31+dVicBlunsG1iXopDx/cvfBY7rHOrgtZDuvyeK4seqkwAZ6Cg==",
          "requires": {
            "@types/json-schema": "^7.0.4",
            "utility-types": "^3.10.0"
          }
        }
      }
    },
    "@stoplight/yaml-ast-parser": {
      "version": "0.0.48",
      "resolved": "https://registry.npmjs.org/@stoplight/yaml-ast-parser/-/yaml-ast-parser-0.0.48.tgz",
      "integrity": "sha512-sV+51I7WYnLJnKPn2EMWgS4EUfoP4iWEbrWwbXsj0MZCB/xOK8j6+C9fntIdOM50kpx45ZLC3s6kwKivWuqvyg=="
    },
    "@tootallnate/once": {
      "version": "1.1.2",
      "resolved": "https://registry.npmjs.org/@tootallnate/once/-/once-1.1.2.tgz",
      "integrity": "sha512-RbzJvlNzmRq5c3O09UipeuXno4tA1FE6ikOjxZK0tuxVv3412l64l5t1W5pj4+rJq9vpkm/kwiR07aZXnsKPxw=="
    },
    "@types/json-schema": {
      "version": "7.0.9",
      "resolved": "https://registry.npmjs.org/@types/json-schema/-/json-schema-7.0.9.tgz",
      "integrity": "sha512-qcUXuemtEu+E5wZSJHNxUXeCZhAfXKQ41D+duX+VYPde7xyEVZci+/oXKJL13tnRs9lR2pr4fod59GT6/X1/yQ=="
    },
    "@types/urijs": {
      "version": "1.19.16",
      "resolved": "https://registry.npmjs.org/@types/urijs/-/urijs-1.19.16.tgz",
      "integrity": "sha512-WgxqcUSEYijGnNWHSln/uqay+AywS3mEhLC+d2PwLsru2fLeMblvxP67Y/SCfB2Pxe+dX/zbIoNNzXY+VKOtNA=="
    },
    "abort-controller": {
      "version": "3.0.0",
      "resolved": "https://registry.npmjs.org/abort-controller/-/abort-controller-3.0.0.tgz",
      "integrity": "sha512-h8lQ8tacZYnR3vNQTgibj+tODHI5/+l06Au2Pcriv/Gmet0eaj4TwWH41sO9wnHDiQsEj19q0drzdWdeAHtweg==",
      "requires": {
        "event-target-shim": "^5.0.0"
      }
    },
    "agent-base": {
      "version": "6.0.2",
      "resolved": "https://registry.npmjs.org/agent-base/-/agent-base-6.0.2.tgz",
      "integrity": "sha512-RZNwNclF7+MS/8bDg70amg32dyeZGZxiDuQmZxKLAlQjr3jGyLx+4Kkk58UO7D2QdgFIQCovuSuZESne6RG6XQ==",
      "requires": {
        "debug": "4"
      }
    },
    "ajv": {
      "version": "6.12.6",
      "resolved": "https://registry.npmjs.org/ajv/-/ajv-6.12.6.tgz",
      "integrity": "sha512-j3fVLgvTo527anyYyJOGTYJbG+vnnQYvE0m5mmkc1TK+nxAppkCLMIL0aZ4dblVCNoGShhm+kzE4ZUykBoMg4g==",
      "requires": {
        "fast-deep-equal": "^3.1.1",
        "fast-json-stable-stringify": "^2.0.0",
        "json-schema-traverse": "^0.4.1",
        "uri-js": "^4.2.2"
      }
    },
    "ajv-oai": {
      "version": "1.2.0",
      "resolved": "https://registry.npmjs.org/ajv-oai/-/ajv-oai-1.2.0.tgz",
      "integrity": "sha512-BQ2HL/ZfiMm68Xdy7dkS49Vnnq+gSsxfOugJB4TA8Kmu4Ie9ZIa4K4VQYbcHxyW4ccg6l9VB57PjRA2RPh1elw==",
      "requires": {
        "decimal.js": "^10.2.0"
      }
    },
    "ansi-regex": {
      "version": "5.0.0",
      "resolved": "https://registry.npmjs.org/ansi-regex/-/ansi-regex-5.0.0.tgz",
      "integrity": "sha512-bY6fj56OUQ0hU1KjFNDQuJFezqKdrAyFdIevADiqrWHwSlbmBNMHp5ak2f40Pm8JTFyM2mqxkG6ngkHO11f/lg=="
    },
    "ansi-styles": {
      "version": "4.3.0",
      "resolved": "https://registry.npmjs.org/ansi-styles/-/ansi-styles-4.3.0.tgz",
      "integrity": "sha512-zbB9rCJAT1rbjiVDb2hqKFHNYLxgtk8NURxZ3IZwD3F6NtxbXZQCnnSi1Lkx+IDohdPlFp222wVALIheZJQSEg==",
      "requires": {
        "color-convert": "^2.0.1"
      }
    },
    "ast-types": {
      "version": "0.13.4",
      "resolved": "https://registry.npmjs.org/ast-types/-/ast-types-0.13.4.tgz",
      "integrity": "sha512-x1FCFnFifvYDDzTaLII71vG5uvDwgtmDTEVWAxrgeiR8VjMONcCXJx7E+USjDtHlwFmt9MysbqgF9b9Vjr6w+w==",
      "requires": {
        "tslib": "^2.0.1"
      }
    },
    "astring": {
      "version": "1.7.5",
      "resolved": "https://registry.npmjs.org/astring/-/astring-1.7.5.tgz",
      "integrity": "sha512-lobf6RWXb8c4uZ7Mdq0U12efYmpD1UFnyOWVJPTa3ukqZrMopav+2hdNu0hgBF0JIBFK9QgrBDfwYvh3DFJDAA=="
    },
    "blueimp-md5": {
      "version": "2.18.0",
      "resolved": "https://registry.npmjs.org/blueimp-md5/-/blueimp-md5-2.18.0.tgz",
      "integrity": "sha512-vE52okJvzsVWhcgUHOv+69OG3Mdg151xyn41aVQN/5W5S+S43qZhxECtYLAEHMSFWX6Mv5IZrzj3T5+JqXfj5Q=="
    },
    "braces": {
      "version": "3.0.2",
      "resolved": "https://registry.npmjs.org/braces/-/braces-3.0.2.tgz",
      "integrity": "sha512-b8um+L1RzM3WDSzvhm6gIz1yfTbBt6YTlcEKAvsmqCZZFw46z626lVj9j1yEPW33H5H+lBQpZMP1k8l+78Ha0A==",
      "requires": {
        "fill-range": "^7.0.1"
      }
    },
    "bytes": {
      "version": "3.1.0",
      "resolved": "https://registry.npmjs.org/bytes/-/bytes-3.1.0.tgz",
      "integrity": "sha512-zauLjrfCG+xvoyaqLoV8bLVXXNGC4JqlxFCutSDWA6fJrTo2ZuvLYTqZ7aHBLZSMOopbzwv8f+wZcVzfVTI2Dg=="
    },
    "camelcase": {
      "version": "5.3.1",
      "resolved": "https://registry.npmjs.org/camelcase/-/camelcase-5.3.1.tgz",
      "integrity": "sha512-L28STB170nwWS63UjtlEOE3dldQApaJXZkOI1uMFfzf3rRuPegHaHesyee+YxQ+W6SvRDQV6UrdOdRiR153wJg=="
    },
    "chalk": {
      "version": "4.1.0",
      "resolved": "https://registry.npmjs.org/chalk/-/chalk-4.1.0.tgz",
      "integrity": "sha512-qwx12AxXe2Q5xQ43Ac//I6v5aXTipYrSESdOgzrN+9XjgEpyjpKuvSGaN4qE93f7TQTlerQQ8S+EQ0EyDoVL1A==",
      "requires": {
        "ansi-styles": "^4.1.0",
        "supports-color": "^7.1.0"
      }
    },
    "cliui": {
      "version": "6.0.0",
      "resolved": "https://registry.npmjs.org/cliui/-/cliui-6.0.0.tgz",
      "integrity": "sha512-t6wbgtoCXvAzst7QgXxJYqPt0usEfbgQdftEPbLL/cvv6HPE5VgvqCuAIDR0NgU52ds6rFwqrgakNLrHEjCbrQ==",
      "requires": {
        "string-width": "^4.2.0",
        "strip-ansi": "^6.0.0",
        "wrap-ansi": "^6.2.0"
      }
    },
    "color-convert": {
      "version": "2.0.1",
      "resolved": "https://registry.npmjs.org/color-convert/-/color-convert-2.0.1.tgz",
      "integrity": "sha512-RRECPsj7iu/xb5oKYcsFHSppFNnsj/52OVTRKb4zP5onXwVF3zVmmToNcOfGC+CRDpfK/U584fMg38ZHCaElKQ==",
      "requires": {
        "color-name": "~1.1.4"
      }
    },
    "color-name": {
      "version": "1.1.4",
      "resolved": "https://registry.npmjs.org/color-name/-/color-name-1.1.4.tgz",
      "integrity": "sha512-dOy+3AuW3a2wNbZHIuMZpTcgjGuLU/uBL/ubcZF9OXbDo8ff4O8yVp5Bf0efS8uEoYo5q4Fx7dY9OgQGXgAsQA=="
    },
    "core-util-is": {
      "version": "1.0.2",
      "resolved": "https://registry.npmjs.org/core-util-is/-/core-util-is-1.0.2.tgz",
      "integrity": "sha1-tf1UIgqivFq1eqtxQMlAdUUDwac="
    },
    "data-uri-to-buffer": {
      "version": "3.0.1",
      "resolved": "https://registry.npmjs.org/data-uri-to-buffer/-/data-uri-to-buffer-3.0.1.tgz",
      "integrity": "sha512-WboRycPNsVw3B3TL559F7kuBUM4d8CgMEvk6xEJlOp7OBPjt6G7z8WMWlD2rOFZLk6OYfFIUGsCOWzcQH9K2og=="
    },
    "debug": {
      "version": "4.3.2",
      "resolved": "https://registry.npmjs.org/debug/-/debug-4.3.2.tgz",
      "integrity": "sha512-mOp8wKcvj7XxC78zLgw/ZA+6TSgkoE2C/ienthhRD298T7UNwAg9diBpLRxC0mOezLl4B0xV7M0cCO6P/O0Xhw==",
      "requires": {
        "ms": "2.1.2"
      }
    },
    "decamelize": {
      "version": "1.2.0",
      "resolved": "https://registry.npmjs.org/decamelize/-/decamelize-1.2.0.tgz",
      "integrity": "sha1-9lNNFRSCabIDUue+4m9QH5oZEpA="
    },
    "decimal.js": {
      "version": "10.3.1",
      "resolved": "https://registry.npmjs.org/decimal.js/-/decimal.js-10.3.1.tgz",
      "integrity": "sha512-V0pfhfr8suzyPGOx3nmq4aHqabehUZn6Ch9kyFpV79TGDTWFmHqUqXdabR7QHqxzrYolF4+tVmJhUG4OURg5dQ=="
    },
    "deep-is": {
      "version": "0.1.3",
      "resolved": "https://registry.npmjs.org/deep-is/-/deep-is-0.1.3.tgz",
      "integrity": "sha1-s2nW+128E+7PUk+RsHD+7cNXzzQ="
    },
    "degenerator": {
      "version": "2.2.0",
      "resolved": "https://registry.npmjs.org/degenerator/-/degenerator-2.2.0.tgz",
      "integrity": "sha512-aiQcQowF01RxFI4ZLFMpzyotbQonhNpBao6dkI8JPk5a+hmSjR5ErHp2CQySmQe8os3VBqLCIh87nDBgZXvsmg==",
      "requires": {
        "ast-types": "^0.13.2",
        "escodegen": "^1.8.1",
        "esprima": "^4.0.0"
      }
    },
    "depd": {
      "version": "1.1.2",
      "resolved": "https://registry.npmjs.org/depd/-/depd-1.1.2.tgz",
      "integrity": "sha1-m81S4UwJd2PnSbJ0xDRu0uVgtak="
    },
    "dependency-graph": {
      "version": "0.10.0",
      "resolved": "https://registry.npmjs.org/dependency-graph/-/dependency-graph-0.10.0.tgz",
      "integrity": "sha512-c9amUgpgxSi1bE5/sbLwcs5diLD0ygCQYmhfM5H1s5VH1mCsYkcmAL3CcNdv4kdSw6JuMoHeDGzLgj/gAXdWVg=="
    },
    "emoji-regex": {
      "version": "8.0.0",
      "resolved": "https://registry.npmjs.org/emoji-regex/-/emoji-regex-8.0.0.tgz",
      "integrity": "sha512-MSjYzcWNOA0ewAHpz0MxpYFvwg6yjy1NG3xteoqz644VCo/RPgnr1/GGt+ic3iJTzQ8Eu3TdM14SawnVUmGE6A=="
    },
    "eol": {
      "version": "0.9.1",
      "resolved": "https://registry.npmjs.org/eol/-/eol-0.9.1.tgz",
      "integrity": "sha512-Ds/TEoZjwggRoz/Q2O7SE3i4Jm66mqTDfmdHdq/7DKVk3bro9Q8h6WdXKdPqFLMoqxrDK5SVRzHVPOS6uuGtrg=="
    },
    "escodegen": {
      "version": "1.14.3",
      "resolved": "https://registry.npmjs.org/escodegen/-/escodegen-1.14.3.tgz",
      "integrity": "sha512-qFcX0XJkdg+PB3xjZZG/wKSuT1PnQWx57+TVSjIMmILd2yC/6ByYElPwJnslDsuWuSAp4AwJGumarAAmJch5Kw==",
      "requires": {
        "esprima": "^4.0.1",
        "estraverse": "^4.2.0",
        "esutils": "^2.0.2",
        "optionator": "^0.8.1",
        "source-map": "~0.6.1"
      }
    },
    "esprima": {
      "version": "4.0.1",
      "resolved": "https://registry.npmjs.org/esprima/-/esprima-4.0.1.tgz",
      "integrity": "sha512-eGuFFw7Upda+g4p+QHvnW0RyTX/SVeJBDM/gCtMARO0cLuT2HcEKnTPvhjV6aGeqrCB/sbNop0Kszm0jsaWU4A=="
    },
    "estraverse": {
      "version": "4.3.0",
      "resolved": "https://registry.npmjs.org/estraverse/-/estraverse-4.3.0.tgz",
      "integrity": "sha512-39nnKffWz8xN1BU/2c79n9nB9HDzo0niYUqx6xyqUnyoAnQyyWpOTdZEeiCch8BBu515t4wp9ZmgVfVhn9EBpw=="
    },
    "esutils": {
      "version": "2.0.3",
      "resolved": "https://registry.npmjs.org/esutils/-/esutils-2.0.3.tgz",
      "integrity": "sha512-kVscqXk4OCp68SZ0dkgEKVi6/8ij300KBWTJq32P/dYeWTSwK41WyTxalN1eRmA5Z9UU/LX9D7FWSmV9SAYx6g=="
    },
    "event-target-shim": {
      "version": "5.0.1",
      "resolved": "https://registry.npmjs.org/event-target-shim/-/event-target-shim-5.0.1.tgz",
      "integrity": "sha512-i/2XbnSz/uxRCU6+NdVJgKWDTM427+MqYbkQzD321DuCQJUqOuJKIA0IM2+W2xtYHdKOmZ4dR6fExsd4SXL+WQ=="
    },
    "expression-eval": {
      "version": "3.1.2",
      "resolved": "https://registry.npmjs.org/expression-eval/-/expression-eval-3.1.2.tgz",
      "integrity": "sha512-c8ZN8fuAz0TRYKoGsrIq5kLNHtm81KAqWSBORHIY0DpJmZZrwK/r2zFDOhFIAJDV47gJ6irV7dWf1TOFpKvULQ==",
      "requires": {
        "jsep": "^0.3.0"
      }
    },
    "fast-deep-equal": {
      "version": "3.1.3",
      "resolved": "https://registry.npmjs.org/fast-deep-equal/-/fast-deep-equal-3.1.3.tgz",
      "integrity": "sha512-f3qQ9oQy9j2AhBe/H9VC91wLmKBCCU/gDOnKNAYG5hswO7BLKj09Hc5HYNz9cGI++xlpDCIgDaitVs03ATR84Q=="
    },
    "fast-glob": {
      "version": "3.2.5",
      "resolved": "https://registry.npmjs.org/fast-glob/-/fast-glob-3.2.5.tgz",
      "integrity": "sha512-2DtFcgT68wiTTiwZ2hNdJfcHNke9XOfnwmBRWXhmeKM8rF0TGwmC/Qto3S7RoZKp5cilZbxzO5iTNTQsJ+EeDg==",
      "requires": {
        "@nodelib/fs.stat": "^2.0.2",
        "@nodelib/fs.walk": "^1.2.3",
        "glob-parent": "^5.1.0",
        "merge2": "^1.3.0",
        "micromatch": "^4.0.2",
        "picomatch": "^2.2.1"
      }
    },
    "fast-json-stable-stringify": {
      "version": "2.1.0",
      "resolved": "https://registry.npmjs.org/fast-json-stable-stringify/-/fast-json-stable-stringify-2.1.0.tgz",
      "integrity": "sha512-lhd/wF+Lk98HZoTCtlVraHtfh5XYijIjalXck7saUtuanSDyLMxnHhSXEDJqHxD7msR8D0uCmqlkwjCV8xvwHw=="
    },
    "fast-levenshtein": {
      "version": "2.0.6",
      "resolved": "https://registry.npmjs.org/fast-levenshtein/-/fast-levenshtein-2.0.6.tgz",
      "integrity": "sha1-PYpcZog6FqMMqGQ+hR8Zuqd5eRc="
    },
    "fast-memoize": {
      "version": "2.5.2",
      "resolved": "https://registry.npmjs.org/fast-memoize/-/fast-memoize-2.5.2.tgz",
      "integrity": "sha512-Ue0LwpDYErFbmNnZSF0UH6eImUwDmogUO1jyE+JbN2gsQz/jICm1Ve7t9QT0rNSsfJt+Hs4/S3GnsDVjL4HVrw=="
    },
    "fastq": {
      "version": "1.12.0",
      "resolved": "https://registry.npmjs.org/fastq/-/fastq-1.12.0.tgz",
      "integrity": "sha512-VNX0QkHK3RsXVKr9KrlUv/FoTa0NdbYoHHl7uXHv2rzyHSlxjdNAKug2twd9luJxpcyNeAgf5iPPMutJO67Dfg==",
      "requires": {
        "reusify": "^1.0.4"
      }
    },
    "file-uri-to-path": {
      "version": "2.0.0",
      "resolved": "https://registry.npmjs.org/file-uri-to-path/-/file-uri-to-path-2.0.0.tgz",
      "integrity": "sha512-hjPFI8oE/2iQPVe4gbrJ73Pp+Xfub2+WI2LlXDbsaJBwT5wuMh35WNWVYYTpnz895shtwfyutMFLFywpQAFdLg=="
    },
    "fill-range": {
      "version": "7.0.1",
      "resolved": "https://registry.npmjs.org/fill-range/-/fill-range-7.0.1.tgz",
      "integrity": "sha512-qOo9F+dMUmC2Lcb4BbVvnKJxTPjCm+RRpe4gDuGrzkL7mEVl/djYSu2OdQ2Pa302N4oqkSg9ir6jaLWJ2USVpQ==",
      "requires": {
        "to-regex-range": "^5.0.1"
      }
    },
    "find-up": {
      "version": "4.1.0",
      "resolved": "https://registry.npmjs.org/find-up/-/find-up-4.1.0.tgz",
      "integrity": "sha512-PpOwAdQ/YlXQ2vj8a3h8IipDuYRi3wceVQQGYWxNINccq40Anw7BlsEXCMbt1Zt+OLA6Fq9suIpIWD0OsnISlw==",
      "requires": {
        "locate-path": "^5.0.0",
        "path-exists": "^4.0.0"
      }
    },
    "fs-extra": {
      "version": "8.1.0",
      "resolved": "https://registry.npmjs.org/fs-extra/-/fs-extra-8.1.0.tgz",
      "integrity": "sha512-yhlQgA6mnOJUKOsRUFsgJdQCvkKhcz8tlZG5HBQfReYZy46OwLcY+Zia0mtdHsOo9y/hP+CxMN0TU9QxoOtG4g==",
      "requires": {
        "graceful-fs": "^4.2.0",
        "jsonfile": "^4.0.0",
        "universalify": "^0.1.0"
      }
    },
    "ftp": {
      "version": "0.3.10",
      "resolved": "https://registry.npmjs.org/ftp/-/ftp-0.3.10.tgz",
      "integrity": "sha1-kZfYYa2BQvPmPVqDv+TFn3MwiF0=",
      "requires": {
        "readable-stream": "1.1.x",
        "xregexp": "2.0.0"
      }
    },
    "get-caller-file": {
      "version": "2.0.5",
      "resolved": "https://registry.npmjs.org/get-caller-file/-/get-caller-file-2.0.5.tgz",
      "integrity": "sha512-DyFP3BM/3YHTQOCUL/w0OZHR0lpKeGrxotcHWcqNEdnltqFwXVfhEBQ94eIo34AfQpo0rGki4cyIiftY06h2Fg=="
    },
    "get-uri": {
      "version": "3.0.2",
      "resolved": "https://registry.npmjs.org/get-uri/-/get-uri-3.0.2.tgz",
      "integrity": "sha512-+5s0SJbGoyiJTZZ2JTpFPLMPSch72KEqGOTvQsBqg0RBWvwhWUSYZFAtz3TPW0GXJuLBJPts1E241iHg+VRfhg==",
      "requires": {
        "@tootallnate/once": "1",
        "data-uri-to-buffer": "3",
        "debug": "4",
        "file-uri-to-path": "2",
        "fs-extra": "^8.1.0",
        "ftp": "^0.3.10"
      }
    },
    "glob-parent": {
      "version": "5.1.2",
      "resolved": "https://registry.npmjs.org/glob-parent/-/glob-parent-5.1.2.tgz",
      "integrity": "sha512-AOIgSQCepiJYwP3ARnGx+5VnTu2HBYdzbGP45eLw1vr3zB3vZLeyed1sC9hnbcOc9/SrMyM5RPQrkGz4aS9Zow==",
      "requires": {
        "is-glob": "^4.0.1"
      }
    },
    "graceful-fs": {
      "version": "4.2.8",
      "resolved": "https://registry.npmjs.org/graceful-fs/-/graceful-fs-4.2.8.tgz",
      "integrity": "sha512-qkIilPUYcNhJpd33n0GBXTB1MMPp14TxEsEs0pTrsSVucApsYzW5V+Q8Qxhik6KU3evy+qkAAowTByymK0avdg=="
    },
    "has-flag": {
      "version": "4.0.0",
      "resolved": "https://registry.npmjs.org/has-flag/-/has-flag-4.0.0.tgz",
      "integrity": "sha512-EykJT/Q1KjTWctppgIAgfSO0tKVuZUjhgMr17kqTumMl6Afv3EISleU7qZUzoXDFTAHTDC4NOoG/ZxU3EvlMPQ=="
    },
    "http-errors": {
      "version": "1.7.3",
      "resolved": "https://registry.npmjs.org/http-errors/-/http-errors-1.7.3.tgz",
      "integrity": "sha512-ZTTX0MWrsQ2ZAhA1cejAwDLycFsd7I7nVtnkT3Ol0aqodaKW+0CTZDQ1uBv5whptCnc8e8HeRRJxRs0kmm/Qfw==",
      "requires": {
        "depd": "~1.1.2",
        "inherits": "2.0.4",
        "setprototypeof": "1.1.1",
        "statuses": ">= 1.5.0 < 2",
        "toidentifier": "1.0.0"
      }
    },
    "http-proxy-agent": {
      "version": "4.0.1",
      "resolved": "https://registry.npmjs.org/http-proxy-agent/-/http-proxy-agent-4.0.1.tgz",
      "integrity": "sha512-k0zdNgqWTGA6aeIRVpvfVob4fL52dTfaehylg0Y4UvSySvOq/Y+BOyPrgpUrA7HylqvU8vIZGsRuXmspskV0Tg==",
      "requires": {
        "@tootallnate/once": "1",
        "agent-base": "6",
        "debug": "4"
      }
    },
    "https-proxy-agent": {
      "version": "5.0.0",
      "resolved": "https://registry.npmjs.org/https-proxy-agent/-/https-proxy-agent-5.0.0.tgz",
      "integrity": "sha512-EkYm5BcKUGiduxzSt3Eppko+PiNWNEpa4ySk9vTC6wDsQJW9rHSa+UhGNJoRYp7bz6Ht1eaRIa6QaJqO5rCFbA==",
      "requires": {
        "agent-base": "6",
        "debug": "4"
      }
    },
    "iconv-lite": {
      "version": "0.4.24",
      "resolved": "https://registry.npmjs.org/iconv-lite/-/iconv-lite-0.4.24.tgz",
      "integrity": "sha512-v3MXnZAcvnywkTUEZomIActle7RXXeedOR31wwl7VlyoXO4Qi9arvSenNQWne1TcRwhCL1HwLI21bEqdpj8/rA==",
      "requires": {
        "safer-buffer": ">= 2.1.2 < 3"
      }
    },
    "immer": {
      "version": "8.0.4",
      "resolved": "https://registry.npmjs.org/immer/-/immer-8.0.4.tgz",
      "integrity": "sha512-jMfL18P+/6P6epANRvRk6q8t+3gGhqsJ9EuJ25AXE+9bNTYtssvzeYbEd0mXRYWCmmXSIbnlpz6vd6iJlmGGGQ=="
    },
    "inherits": {
      "version": "2.0.4",
      "resolved": "https://registry.npmjs.org/inherits/-/inherits-2.0.4.tgz",
      "integrity": "sha512-k/vGaX4/Yla3WzyMCvTQOXYeIHvqOKtnqBduzTHpzpQZzAskKMhZ2K+EnBiSM9zGSoIFeMpXKxa4dYeZIQqewQ=="
    },
    "ip": {
      "version": "1.1.5",
      "resolved": "https://registry.npmjs.org/ip/-/ip-1.1.5.tgz",
      "integrity": "sha1-vd7XARQpCCjAoDnnLvJfWq7ENUo="
    },
    "is-extglob": {
      "version": "2.1.1",
      "resolved": "https://registry.npmjs.org/is-extglob/-/is-extglob-2.1.1.tgz",
      "integrity": "sha1-qIwCU1eR8C7TfHahueqXc8gz+MI="
    },
    "is-fullwidth-code-point": {
      "version": "3.0.0",
      "resolved": "https://registry.npmjs.org/is-fullwidth-code-point/-/is-fullwidth-code-point-3.0.0.tgz",
      "integrity": "sha512-zymm5+u+sCsSWyD9qNaejV3DFvhCKclKdizYaJUuHA83RLjb7nSuGnddCHGv0hk+KY7BMAlsWeK4Ueg6EV6XQg=="
    },
    "is-glob": {
      "version": "4.0.1",
      "resolved": "https://registry.npmjs.org/is-glob/-/is-glob-4.0.1.tgz",
      "integrity": "sha512-5G0tKtBTFImOqDnLB2hG6Bp2qcKEFduo4tZu9MT/H6NQv/ghhy30o55ufafxJ/LdH79LLs2Kfrn85TLKyA7BUg==",
      "requires": {
        "is-extglob": "^2.1.1"
      }
    },
    "is-number": {
      "version": "7.0.0",
      "resolved": "https://registry.npmjs.org/is-number/-/is-number-7.0.0.tgz",
      "integrity": "sha512-41Cifkg6e8TylSpdtTpeLVMqvSBEVzTttHvERD741+pnZ8ANv0004MRL43QKPDlK9cGvNp6NZWZUBlbGXYxxng=="
    },
    "isarray": {
      "version": "0.0.1",
      "resolved": "https://registry.npmjs.org/isarray/-/isarray-0.0.1.tgz",
      "integrity": "sha1-ihis/Kmo9Bd+Cav8YDiTmwXR7t8="
    },
    "jsep": {
      "version": "0.3.5",
      "resolved": "https://registry.npmjs.org/jsep/-/jsep-0.3.5.tgz",
      "integrity": "sha512-AoRLBDc6JNnKjNcmonituEABS5bcfqDhQAWWXNTFrqu6nVXBpBAGfcoTGZMFlIrh9FjmE1CQyX9CTNwZrXMMDA=="
    },
    "json-schema-traverse": {
      "version": "0.4.1",
      "resolved": "https://registry.npmjs.org/json-schema-traverse/-/json-schema-traverse-0.4.1.tgz",
      "integrity": "sha512-xbbCH5dCYU5T8LcEhhuh7HJ88HXuW3qsI3Y0zOZFKfZEHcpWiHU/Jxzk629Brsab/mMiHQti9wMP+845RPe3Vg=="
    },
    "jsonc-parser": {
      "version": "2.2.1",
      "resolved": "https://registry.npmjs.org/jsonc-parser/-/jsonc-parser-2.2.1.tgz",
      "integrity": "sha512-o6/yDBYccGvTz1+QFevz6l6OBZ2+fMVu2JZ9CIhzsYRX4mjaK5IyX9eldUdCmga16zlgQxyrj5pt9kzuj2C02w=="
    },
    "jsonfile": {
      "version": "4.0.0",
      "resolved": "https://registry.npmjs.org/jsonfile/-/jsonfile-4.0.0.tgz",
      "integrity": "sha1-h3Gq4HmbZAdrdmQPygWPnBDjPss=",
      "requires": {
        "graceful-fs": "^4.1.6"
      }
    },
    "jsonpath-plus": {
      "version": "4.0.0",
      "resolved": "https://registry.npmjs.org/jsonpath-plus/-/jsonpath-plus-4.0.0.tgz",
      "integrity": "sha512-e0Jtg4KAzDJKKwzbLaUtinCn0RZseWBVRTRGihSpvFlM3wTR7ExSp+PTdeTsDrLNJUe7L7JYJe8mblHX5SCT6A=="
    },
    "jsonpointer": {
      "version": "4.1.0",
      "resolved": "https://registry.npmjs.org/jsonpointer/-/jsonpointer-4.1.0.tgz",
      "integrity": "sha512-CXcRvMyTlnR53xMcKnuMzfCA5i/nfblTnnr74CZb6C4vG39eu6w51t7nKmU5MfLfbTgGItliNyjO/ciNPDqClg=="
    },
    "leven": {
      "version": "3.1.0",
      "resolved": "https://registry.npmjs.org/leven/-/leven-3.1.0.tgz",
      "integrity": "sha512-qsda+H8jTaUaN/x5vzW2rzc+8Rw4TAQ/4KjB46IwK5VH+IlVeeeje/EoZRpiXvIqjFgK84QffqPztGI3VBLG1A=="
    },
    "levn": {
      "version": "0.3.0",
      "resolved": "https://registry.npmjs.org/levn/-/levn-0.3.0.tgz",
      "integrity": "sha1-OwmSTt+fCDwEkP3UwLxEIeBHZO4=",
      "requires": {
        "prelude-ls": "~1.1.2",
        "type-check": "~0.3.2"
      }
    },
    "locate-path": {
      "version": "5.0.0",
      "resolved": "https://registry.npmjs.org/locate-path/-/locate-path-5.0.0.tgz",
      "integrity": "sha512-t7hw9pI+WvuwNJXwk5zVHpyhIqzg2qTlklJOf0mVxGSbe3Fp2VieZcduNYjaLDoy6p9uGpQEGWG87WpMKlNq8g==",
      "requires": {
        "p-locate": "^4.1.0"
      }
    },
    "lodash": {
      "version": "4.17.21",
      "resolved": "https://registry.npmjs.org/lodash/-/lodash-4.17.21.tgz",
      "integrity": "sha512-v2kDEe57lecTulaDIuNTPy3Ry4gLGJ6Z1O3vE1krgXZNrsQ+LFTGHVxVjcXPs17LhbZVGedAJv8XZ1tvj5FvSg=="
    },
    "lodash.get": {
      "version": "4.4.2",
      "resolved": "https://registry.npmjs.org/lodash.get/-/lodash.get-4.4.2.tgz",
      "integrity": "sha1-LRd/ZS+jHpObRDjVNBSZ36OCXpk="
    },
    "lodash.set": {
      "version": "4.3.2",
      "resolved": "https://registry.npmjs.org/lodash.set/-/lodash.set-4.3.2.tgz",
      "integrity": "sha1-2HV7HagH3eJIFrDWqEvqGnYjCyM="
    },
    "lru-cache": {
      "version": "5.1.1",
      "resolved": "https://registry.npmjs.org/lru-cache/-/lru-cache-5.1.1.tgz",
      "integrity": "sha512-KpNARQA3Iwv+jTA0utUVVbrh+Jlrr1Fv0e56GGzAFOXN7dk/FviaDW8LHmK52DlcH4WP2n6gI8vN1aesBFgo9w==",
      "requires": {
        "yallist": "^3.0.2"
      }
    },
    "merge2": {
      "version": "1.4.1",
      "resolved": "https://registry.npmjs.org/merge2/-/merge2-1.4.1.tgz",
      "integrity": "sha512-8q7VEgMJW4J8tcfVPy8g09NcQwZdbwFEqhe/WZkoIzjn/3TGDwtOCYtXGxA3O8tPzpczCCDgv+P2P5y00ZJOOg=="
    },
    "micromatch": {
      "version": "4.0.4",
      "resolved": "https://registry.npmjs.org/micromatch/-/micromatch-4.0.4.tgz",
      "integrity": "sha512-pRmzw/XUcwXGpD9aI9q/0XOwLNygjETJ8y0ao0wdqprrzDa4YnxLcz7fQRZr8voh8V10kGhABbNcHVk5wHgWwg==",
      "requires": {
        "braces": "^3.0.1",
        "picomatch": "^2.2.3"
      }
    },
    "ms": {
      "version": "2.1.2",
      "resolved": "https://registry.npmjs.org/ms/-/ms-2.1.2.tgz",
      "integrity": "sha512-sGkPx+VjMtmA6MX27oA4FBFELFCZZ4S4XqeGOXCv68tT+jb3vk/RyaKWP0PTKyWtmLSM0b+adUTEvbs1PEaH2w=="
    },
    "nanoid": {
      "version": "2.1.11",
      "resolved": "https://registry.npmjs.org/nanoid/-/nanoid-2.1.11.tgz",
      "integrity": "sha512-s/snB+WGm6uwi0WjsZdaVcuf3KJXlfGl2LcxgwkEwJF0D/BWzVWAZW/XY4bFaiR7s0Jk3FPvlnepg1H1b1UwlA=="
    },
    "netmask": {
      "version": "2.0.2",
      "resolved": "https://registry.npmjs.org/netmask/-/netmask-2.0.2.tgz",
      "integrity": "sha512-dBpDMdxv9Irdq66304OLfEmQ9tbNRFnFTuZiLo+bD+r332bBmMJ8GBLXklIXXgxd3+v9+KUnZaUR5PJMa75Gsg=="
    },
    "nimma": {
      "version": "0.0.0",
      "resolved": "https://registry.npmjs.org/nimma/-/nimma-0.0.0.tgz",
      "integrity": "sha512-if0VqyHpTMHKFORMiJ2WLWgoIF4xqwjybHZyvodQ/yCmiWag6RhLlMHeFukz4X31DanTBA26U+HwvXIrTaYQkQ==",
      "requires": {
        "astring": "^1.4.3",
        "jsep": "^0.3.4"
      }
    },
    "node-fetch": {
      "version": "2.6.1",
      "resolved": "https://registry.npmjs.org/node-fetch/-/node-fetch-2.6.1.tgz",
      "integrity": "sha512-V4aYg89jEoVRxRb2fJdAg8FHvI7cEyYdVAh94HH0UIK8oJxUfkjlDQN9RbMx+bEjP7+ggMiFRprSti032Oipxw=="
    },
    "optionator": {
      "version": "0.8.3",
      "resolved": "https://registry.npmjs.org/optionator/-/optionator-0.8.3.tgz",
      "integrity": "sha512-+IW9pACdk3XWmmTXG8m3upGUJst5XRGzxMRjXzAuJ1XnIFNvfhjjIuYkDvysnPQ7qzqVzLt78BCruntqRhWQbA==",
      "requires": {
        "deep-is": "~0.1.3",
        "fast-levenshtein": "~2.0.6",
        "levn": "~0.3.0",
        "prelude-ls": "~1.1.2",
        "type-check": "~0.3.2",
        "word-wrap": "~1.2.3"
      }
    },
    "p-limit": {
      "version": "2.3.0",
      "resolved": "https://registry.npmjs.org/p-limit/-/p-limit-2.3.0.tgz",
      "integrity": "sha512-//88mFWSJx8lxCzwdAABTJL2MyWB12+eIY7MDL2SqLmAkeKU9qxRvWuSyTjm3FUmpBEMuFfckAIqEaVGUDxb6w==",
      "requires": {
        "p-try": "^2.0.0"
      }
    },
    "p-locate": {
      "version": "4.1.0",
      "resolved": "https://registry.npmjs.org/p-locate/-/p-locate-4.1.0.tgz",
      "integrity": "sha512-R79ZZ/0wAxKGu3oYMlz8jy/kbhsNrS7SKZ7PxEHBgJ5+F2mtFW2fK2cOtBh1cHYkQsbzFV7I+EoRKe6Yt0oK7A==",
      "requires": {
        "p-limit": "^2.2.0"
      }
    },
    "p-try": {
      "version": "2.2.0",
      "resolved": "https://registry.npmjs.org/p-try/-/p-try-2.2.0.tgz",
      "integrity": "sha512-R4nPAVTAU0B9D35/Gk3uJf/7XYbQcyohSKdvAxIRSNghFl4e71hVoGnBNQz9cWaXxO2I10KTC+3jMdvvoKw6dQ=="
    },
    "pac-proxy-agent": {
      "version": "4.1.0",
      "resolved": "https://registry.npmjs.org/pac-proxy-agent/-/pac-proxy-agent-4.1.0.tgz",
      "integrity": "sha512-ejNgYm2HTXSIYX9eFlkvqFp8hyJ374uDf0Zq5YUAifiSh1D6fo+iBivQZirGvVv8dCYUsLhmLBRhlAYvBKI5+Q==",
      "requires": {
        "@tootallnate/once": "1",
        "agent-base": "6",
        "debug": "4",
        "get-uri": "3",
        "http-proxy-agent": "^4.0.1",
        "https-proxy-agent": "5",
        "pac-resolver": "^4.1.0",
        "raw-body": "^2.2.0",
        "socks-proxy-agent": "5"
      }
    },
    "pac-resolver": {
      "version": "4.2.0",
      "resolved": "https://registry.npmjs.org/pac-resolver/-/pac-resolver-4.2.0.tgz",
      "integrity": "sha512-rPACZdUyuxT5Io/gFKUeeZFfE5T7ve7cAkE5TUZRRfuKP0u5Hocwe48X7ZEm6mYB+bTB0Qf+xlVlA/RM/i6RCQ==",
      "requires": {
        "degenerator": "^2.2.0",
        "ip": "^1.1.5",
        "netmask": "^2.0.1"
      }
    },
    "path-exists": {
      "version": "4.0.0",
      "resolved": "https://registry.npmjs.org/path-exists/-/path-exists-4.0.0.tgz",
      "integrity": "sha512-ak9Qy5Q7jYb2Wwcey5Fpvg2KoAc/ZIhLSLOSBmRmygPsGwkVVt0fZa0qrtMz+m6tJTAHfZQ8FnmB4MG4LWy7/w=="
    },
    "picomatch": {
      "version": "2.3.0",
      "resolved": "https://registry.npmjs.org/picomatch/-/picomatch-2.3.0.tgz",
      "integrity": "sha512-lY1Q/PiJGC2zOv/z391WOTD+Z02bCgsFfvxoXXf6h7kv9o+WmsmzYqrAwY63sNgOxE4xEdq0WyUnXfKeBrSvYw=="
    },
    "prelude-ls": {
      "version": "1.1.2",
      "resolved": "https://registry.npmjs.org/prelude-ls/-/prelude-ls-1.1.2.tgz",
      "integrity": "sha1-IZMqVJ9eUv/ZqCf1cOBL5iqX2lQ="
    },
    "proxy-agent": {
      "version": "4.0.1",
      "resolved": "https://registry.npmjs.org/proxy-agent/-/proxy-agent-4.0.1.tgz",
      "integrity": "sha512-ODnQnW2jc/FUVwHHuaZEfN5otg/fMbvMxz9nMSUQfJ9JU7q2SZvSULSsjLloVgJOiv9yhc8GlNMKc4GkFmcVEA==",
      "requires": {
        "agent-base": "^6.0.0",
        "debug": "4",
        "http-proxy-agent": "^4.0.0",
        "https-proxy-agent": "^5.0.0",
        "lru-cache": "^5.1.1",
        "pac-proxy-agent": "^4.1.0",
        "proxy-from-env": "^1.0.0",
        "socks-proxy-agent": "^5.0.0"
      }
    },
    "proxy-from-env": {
      "version": "1.1.0",
      "resolved": "https://registry.npmjs.org/proxy-from-env/-/proxy-from-env-1.1.0.tgz",
      "integrity": "sha512-D+zkORCbA9f1tdWRK0RaCR3GPv50cMxcrz4X8k5LTSUD1Dkw47mKJEZQNunItRTkWwgtaUSo1RVFRIG9ZXiFYg=="
    },
    "punycode": {
      "version": "2.1.1",
      "resolved": "https://registry.npmjs.org/punycode/-/punycode-2.1.1.tgz",
      "integrity": "sha512-XRsRjdf+j5ml+y/6GKHPZbrF/8p2Yga0JPtdqTIY2Xe5ohJPD9saDJJLPvp9+NSBprVvevdXZybnj2cv8OEd0A=="
    },
    "queue-microtask": {
      "version": "1.2.3",
      "resolved": "https://registry.npmjs.org/queue-microtask/-/queue-microtask-1.2.3.tgz",
      "integrity": "sha512-NuaNSa6flKT5JaSYQzJok04JzTL1CA6aGhv5rfLW3PgqA+M2ChpZQnAC8h8i4ZFkBS8X5RqkDBHA7r4hej3K9A=="
    },
    "raw-body": {
      "version": "2.4.1",
      "resolved": "https://registry.npmjs.org/raw-body/-/raw-body-2.4.1.tgz",
      "integrity": "sha512-9WmIKF6mkvA0SLmA2Knm9+qj89e+j1zqgyn8aXGd7+nAduPoqgI9lO57SAZNn/Byzo5P7JhXTyg9PzaJbH73bA==",
      "requires": {
        "bytes": "3.1.0",
        "http-errors": "1.7.3",
        "iconv-lite": "0.4.24",
        "unpipe": "1.0.0"
      }
    },
    "readable-stream": {
      "version": "1.1.14",
      "resolved": "https://registry.npmjs.org/readable-stream/-/readable-stream-1.1.14.tgz",
      "integrity": "sha1-fPTFTvZI44EwhMY23SB54WbAgdk=",
      "requires": {
        "core-util-is": "~1.0.0",
        "inherits": "~2.0.1",
        "isarray": "0.0.1",
        "string_decoder": "~0.10.x"
      }
    },
    "require-directory": {
      "version": "2.1.1",
      "resolved": "https://registry.npmjs.org/require-directory/-/require-directory-2.1.1.tgz",
      "integrity": "sha1-jGStX9MNqxyXbiNE/+f3kqam30I="
    },
    "require-main-filename": {
      "version": "2.0.0",
      "resolved": "https://registry.npmjs.org/require-main-filename/-/require-main-filename-2.0.0.tgz",
      "integrity": "sha512-NKN5kMDylKuldxYLSUfrbo5Tuzh4hd+2E8NPPX02mZtn1VuREQToYe/ZdlJy+J3uCpfaiGF05e7B8W0iXbQHmg=="
    },
    "reusify": {
      "version": "1.0.4",
      "resolved": "https://registry.npmjs.org/reusify/-/reusify-1.0.4.tgz",
      "integrity": "sha512-U9nH88a3fc/ekCF1l0/UP1IosiuIjyTh7hBvXVMHYgVcfGvt897Xguj2UOLDeI5BG2m7/uwyaLVT6fbtCwTyzw=="
    },
    "run-parallel": {
      "version": "1.2.0",
      "resolved": "https://registry.npmjs.org/run-parallel/-/run-parallel-1.2.0.tgz",
      "integrity": "sha512-5l4VyZR86LZ/lDxZTR6jqL8AFE2S0IFLMP26AbjsLVADxHdhB/c0GUsH+y39UfCi3dzz8OlQuPmnaJOMoDHQBA==",
      "requires": {
        "queue-microtask": "^1.2.2"
      }
    },
    "safe-stable-stringify": {
      "version": "1.1.1",
      "resolved": "https://registry.npmjs.org/safe-stable-stringify/-/safe-stable-stringify-1.1.1.tgz",
      "integrity": "sha512-ERq4hUjKDbJfE4+XtZLFPCDi8Vb1JqaxAPTxWFLBx8XcAlf9Bda/ZJdVezs/NAfsMQScyIlUMx+Yeu7P7rx5jw=="
    },
    "safer-buffer": {
      "version": "2.1.2",
      "resolved": "https://registry.npmjs.org/safer-buffer/-/safer-buffer-2.1.2.tgz",
      "integrity": "sha512-YZo3K82SD7Riyi0E1EQPojLz7kpepnSQI9IyPbHHg1XXXevb5dJI7tpyN2ADxGcQbHG7vcyRHk0cbwqcQriUtg=="
    },
    "set-blocking": {
      "version": "2.0.0",
      "resolved": "https://registry.npmjs.org/set-blocking/-/set-blocking-2.0.0.tgz",
      "integrity": "sha1-BF+XgtARrppoA93TgrJDkrPYkPc="
    },
    "setprototypeof": {
      "version": "1.1.1",
      "resolved": "https://registry.npmjs.org/setprototypeof/-/setprototypeof-1.1.1.tgz",
      "integrity": "sha512-JvdAWfbXeIGaZ9cILp38HntZSFSo3mWg6xGcJJsd+d4aRMOqauag1C63dJfDw7OaMYwEbHMOxEZ1lqVRYP2OAw=="
    },
    "smart-buffer": {
      "version": "4.2.0",
      "resolved": "https://registry.npmjs.org/smart-buffer/-/smart-buffer-4.2.0.tgz",
      "integrity": "sha512-94hK0Hh8rPqQl2xXc3HsaBoOXKV20MToPkcXvwbISWLEs+64sBq5kFgn2kJDHb1Pry9yrP0dxrCI9RRci7RXKg=="
    },
    "socks": {
      "version": "2.6.1",
      "resolved": "https://registry.npmjs.org/socks/-/socks-2.6.1.tgz",
      "integrity": "sha512-kLQ9N5ucj8uIcxrDwjm0Jsqk06xdpBjGNQtpXy4Q8/QY2k+fY7nZH8CARy+hkbG+SGAovmzzuauCpBlb8FrnBA==",
      "requires": {
        "ip": "^1.1.5",
        "smart-buffer": "^4.1.0"
      }
    },
    "socks-proxy-agent": {
      "version": "5.0.1",
      "resolved": "https://registry.npmjs.org/socks-proxy-agent/-/socks-proxy-agent-5.0.1.tgz",
      "integrity": "sha512-vZdmnjb9a2Tz6WEQVIurybSwElwPxMZaIc7PzqbJTrezcKNznv6giT7J7tZDZ1BojVaa1jvO/UiUdhDVB0ACoQ==",
      "requires": {
        "agent-base": "^6.0.2",
        "debug": "4",
        "socks": "^2.3.3"
      }
    },
    "source-map": {
      "version": "0.6.1",
      "resolved": "https://registry.npmjs.org/source-map/-/source-map-0.6.1.tgz",
      "integrity": "sha512-UjgapumWlbMhkBgzT7Ykc5YXUT46F0iKu8SGXq0bcwP5dz/h0Plj6enJqjz1Zbq2l5WaqYnrVbwWOWMyF3F47g==",
      "optional": true
    },
    "statuses": {
      "version": "1.5.0",
      "resolved": "https://registry.npmjs.org/statuses/-/statuses-1.5.0.tgz",
      "integrity": "sha1-Fhx9rBd2Wf2YEfQ3cfqZOBR4Yow="
    },
    "string-width": {
      "version": "4.2.2",
      "resolved": "https://registry.npmjs.org/string-width/-/string-width-4.2.2.tgz",
      "integrity": "sha512-XBJbT3N4JhVumXE0eoLU9DCjcaF92KLNqTmFCnG1pf8duUxFGwtP6AD6nkjw9a3IdiRtL3E2w3JDiE/xi3vOeA==",
      "requires": {
        "emoji-regex": "^8.0.0",
        "is-fullwidth-code-point": "^3.0.0",
        "strip-ansi": "^6.0.0"
      }
    },
    "string_decoder": {
      "version": "0.10.31",
      "resolved": "https://registry.npmjs.org/string_decoder/-/string_decoder-0.10.31.tgz",
      "integrity": "sha1-YuIDvEF2bGwoyfyEMB2rHFMQ+pQ="
    },
    "strip-ansi": {
      "version": "6.0.0",
      "resolved": "https://registry.npmjs.org/strip-ansi/-/strip-ansi-6.0.0.tgz",
      "integrity": "sha512-AuvKTrTfQNYNIctbR1K/YGTR1756GycPsg7b9bdV9Duqur4gv6aKqHXah67Z8ImS7WEz5QVcOtlfW2rZEugt6w==",
      "requires": {
        "ansi-regex": "^5.0.0"
      }
    },
    "supports-color": {
      "version": "7.2.0",
      "resolved": "https://registry.npmjs.org/supports-color/-/supports-color-7.2.0.tgz",
      "integrity": "sha512-qpCAvRl9stuOHveKsn7HncJRvv501qIacKzQlO/+Lwxc9+0q2wLyv4Dfvt80/DPn2pqOBsJdDiogXGR9+OvwRw==",
      "requires": {
        "has-flag": "^4.0.0"
      }
    },
    "text-table": {
      "version": "0.2.0",
      "resolved": "https://registry.npmjs.org/text-table/-/text-table-0.2.0.tgz",
      "integrity": "sha1-f17oI66AUgfACvLfSoTsP8+lcLQ="
    },
    "to-regex-range": {
      "version": "5.0.1",
      "resolved": "https://registry.npmjs.org/to-regex-range/-/to-regex-range-5.0.1.tgz",
      "integrity": "sha512-65P7iz6X5yEr1cwcgvQxbbIw7Uk3gOy5dIdtZ4rDveLqhrdJP+Li/Hx6tyK0NEb+2GCyneCMJiGqrADCSNk8sQ==",
      "requires": {
        "is-number": "^7.0.0"
      }
    },
    "toidentifier": {
      "version": "1.0.0",
      "resolved": "https://registry.npmjs.org/toidentifier/-/toidentifier-1.0.0.tgz",
      "integrity": "sha512-yaOH/Pk/VEhBWWTlhI+qXxDFXlejDGcQipMlyxda9nthulaxLZUNcUqFxokp0vcYnvteJln5FNQDRrxj3YcbVw=="
    },
    "tslib": {
      "version": "2.3.1",
      "resolved": "https://registry.npmjs.org/tslib/-/tslib-2.3.1.tgz",
      "integrity": "sha512-77EbyPPpMz+FRFRuAFlWMtmgUWGe9UOG2Z25NqCwiIjRhOf5iKGuzSe5P2w1laq+FkRy4p+PCuVkJSGkzTEKVw=="
    },
    "type-check": {
      "version": "0.3.2",
      "resolved": "https://registry.npmjs.org/type-check/-/type-check-0.3.2.tgz",
      "integrity": "sha1-WITKtRLPHTVeP7eE8wgEsrUg23I=",
      "requires": {
        "prelude-ls": "~1.1.2"
      }
    },
    "universalify": {
      "version": "0.1.2",
      "resolved": "https://registry.npmjs.org/universalify/-/universalify-0.1.2.tgz",
      "integrity": "sha512-rBJeI5CXAlmy1pV+617WB9J63U6XcazHHF2f2dbJix4XzpUF0RS3Zbj0FGIOCAva5P/d/GBOYaACQ1w+0azUkg=="
    },
    "unpipe": {
      "version": "1.0.0",
      "resolved": "https://registry.npmjs.org/unpipe/-/unpipe-1.0.0.tgz",
      "integrity": "sha1-sr9O6FFKrmFltIF4KdIbLvSZBOw="
    },
    "uri-js": {
      "version": "4.4.1",
      "resolved": "https://registry.npmjs.org/uri-js/-/uri-js-4.4.1.tgz",
      "integrity": "sha512-7rKUyy33Q1yc98pQ1DAmLtwX109F7TIfWlW1Ydo8Wl1ii1SeHieeh0HHfPeL2fMXK6z0s8ecKs9frCuLJvndBg==",
      "requires": {
        "punycode": "^2.1.0"
      }
    },
    "urijs": {
      "version": "1.19.7",
      "resolved": "https://registry.npmjs.org/urijs/-/urijs-1.19.7.tgz",
      "integrity": "sha512-Id+IKjdU0Hx+7Zx717jwLPsPeUqz7rAtuVBRLLs+qn+J2nf9NGITWVCxcijgYxBqe83C7sqsQPs6H1pyz3x9gA=="
    },
    "utility-types": {
      "version": "3.10.0",
      "resolved": "https://registry.npmjs.org/utility-types/-/utility-types-3.10.0.tgz",
      "integrity": "sha512-O11mqxmi7wMKCo6HKFt5AhO4BwY3VV68YU07tgxfz8zJTIxr4BpsezN49Ffwy9j3ZpwwJp4fkRwjRzq3uWE6Rg=="
    },
    "which-module": {
      "version": "2.0.0",
      "resolved": "https://registry.npmjs.org/which-module/-/which-module-2.0.0.tgz",
      "integrity": "sha1-2e8H3Od7mQK4o6j6SzHD4/fm6Ho="
    },
    "wolfy87-eventemitter": {
      "version": "5.2.9",
      "resolved": "https://registry.npmjs.org/wolfy87-eventemitter/-/wolfy87-eventemitter-5.2.9.tgz",
      "integrity": "sha512-P+6vtWyuDw+MB01X7UeF8TaHBvbCovf4HPEMF/SV7BdDc1SMTiBy13SRD71lQh4ExFTG1d/WNzDGDCyOKSMblw=="
    },
    "word-wrap": {
      "version": "1.2.3",
      "resolved": "https://registry.npmjs.org/word-wrap/-/word-wrap-1.2.3.tgz",
      "integrity": "sha512-Hz/mrNwitNRh/HUAtM/VT/5VH+ygD6DV7mYKZAtHOrbs8U7lvPS6xf7EJKMF0uW1KJCl0H701g3ZGus+muE5vQ=="
    },
    "wrap-ansi": {
      "version": "6.2.0",
      "resolved": "https://registry.npmjs.org/wrap-ansi/-/wrap-ansi-6.2.0.tgz",
      "integrity": "sha512-r6lPcBGxZXlIcymEu7InxDMhdW0KDxpLgoFLcguasxCaJ/SOIZwINatK9KY/tf+ZrlywOKU0UDj3ATXUBfxJXA==",
      "requires": {
        "ansi-styles": "^4.0.0",
        "string-width": "^4.1.0",
        "strip-ansi": "^6.0.0"
      }
    },
    "xregexp": {
      "version": "2.0.0",
      "resolved": "https://registry.npmjs.org/xregexp/-/xregexp-2.0.0.tgz",
      "integrity": "sha1-UqY+VsoLhKfzpfPWGHLxJq16WUM="
    },
    "y18n": {
      "version": "4.0.3",
      "resolved": "https://registry.npmjs.org/y18n/-/y18n-4.0.3.tgz",
      "integrity": "sha512-JKhqTOwSrqNA1NY5lSztJ1GrBiUodLMmIZuLiDaMRJ+itFd+ABVE8XBjOvIWL+rSqNDC74LCSFmlb/U4UZ4hJQ=="
    },
    "yallist": {
      "version": "3.1.1",
      "resolved": "https://registry.npmjs.org/yallist/-/yallist-3.1.1.tgz",
      "integrity": "sha512-a4UGQaWPH59mOXUYnAG2ewncQS4i4F43Tv3JoAM+s2VDAmS9NsK8GpDMLrCHPksFT7h3K6TOoUNn2pb7RoXx4g=="
    },
    "yargs": {
      "version": "15.4.1",
      "resolved": "https://registry.npmjs.org/yargs/-/yargs-15.4.1.tgz",
      "integrity": "sha512-aePbxDmcYW++PaqBsJ+HYUFwCdv4LVvdnhBy78E57PIor8/OVvhMrADFFEDh8DHDFRv/O9i3lPhsENjO7QX0+A==",
      "requires": {
        "cliui": "^6.0.0",
        "decamelize": "^1.2.0",
        "find-up": "^4.1.0",
        "get-caller-file": "^2.0.1",
        "require-directory": "^2.1.1",
        "require-main-filename": "^2.0.0",
        "set-blocking": "^2.0.0",
        "string-width": "^4.2.0",
        "which-module": "^2.0.0",
        "y18n": "^4.0.0",
        "yargs-parser": "^18.1.2"
      }
    },
    "yargs-parser": {
      "version": "18.1.3",
      "resolved": "https://registry.npmjs.org/yargs-parser/-/yargs-parser-18.1.3.tgz",
      "integrity": "sha512-o50j0JeToy/4K6OZcaQmW6lyXXKhq7csREXcDwk2omFPJEwUNOVtJKvmDr9EI1fAJZUyZcRF7kxGBWmRXudrCQ==",
      "requires": {
        "camelcase": "^5.0.0",
        "decamelize": "^1.2.0"
      }
    }
  }
}
